
Microsoft Visual Studio Solution File, Format Version 12.00
# Visual Studio Version 16
VisualStudioVersion = 16.0.29020.237
MinimumVisualStudioVersion = 10.0.40219.1
Project("{FAE04EC0-301F-11D3-BF4B-00C04F79EFBC}") = "Funcky.Security.CameraCloudCenter", "Funcky.Security.CameraCloudCenter\Funcky.Security.CameraCloudCenter.csproj", "{6919EF7F-565C-40E3-AE1C-7E5DF99B1814}"
EndProject
Global
	GlobalSection(SolutionConfigurationPlatforms) = preSolution
		Debug|Any CPU = Debug|Any CPU
		Release|Any CPU = Release|Any CPU
	EndGlobalSection
	GlobalSection(ProjectConfigurationPlatforms) = postSolution
		{6919EF7F-565C-40E3-AE1C-7E5DF99B1814}.Debug|Any CPU.ActiveCfg = Debug|Any CPU
		{6919EF7F-565C-40E3-AE1C-7E5DF99B1814}.Debug|Any CPU.Build.0 = Debug|Any CPU
		{6919EF7F-565C-40E3-AE1C-7E5DF99B1814}.Release|Any CPU.ActiveCfg = Release|Any CPU
		{6919EF7F-565C-40E3-AE1C-7E5DF99B1814}.Release|Any CPU.Build.0 = Release|Any CPU
	EndGlobalSection
	GlobalSection(SolutionProperties) = preSolution
		HideSolutionNode = FALSE
	EndGlobalSection
	GlobalSection(ExtensibilityGlobals) = postSolution
		SolutionGuid = {2AB2EE1F-6FEE-47A8-9168-4740E76B232D}
	EndGlobalSection
EndGlobal
